
Microsoft Visual Studio Solution File, Format Version 12.00
# Visual Studio Version 17
VisualStudioVersion = 17.8.34408.163
MinimumVisualStudioVersion = 10.0.40219.1
Project("{FAE04EC0-301F-11D3-BF4B-00C04F79EFBC}") = "chatbot2", "chatbot2\chatbot2.csproj", "{28A4C295-4615-4854-9349-1B2EFFD57EB5}"
EndProject
Global
	GlobalSection(SolutionConfigurationPlatforms) = preSolution
		Debug|Any CPU = Debug|Any CPU
		Release|Any CPU = Release|Any CPU
	EndGlobalSection
	GlobalSection(ProjectConfigurationPlatforms) = postSolution
		{28A4C295-4615-4854-9349-1B2EFFD57EB5}.Debug|Any CPU.ActiveCfg = Debug|Any CPU
		{28A4C295-4615-4854-9349-1B2EFFD57EB5}.Debug|Any CPU.Build.0 = Debug|Any CPU
		{28A4C295-4615-4854-9349-1B2EFFD57EB5}.Release|Any CPU.ActiveCfg = Release|Any CPU
		{28A4C295-4615-4854-9349-1B2EFFD57EB5}.Release|Any CPU.Build.0 = Release|Any CPU
	EndGlobalSection
	GlobalSection(SolutionProperties) = preSolution
		HideSolutionNode = FALSE
	EndGlobalSection
	GlobalSection(ExtensibilityGlobals) = postSolution
		SolutionGuid = {C23A957E-6E36-4C61-9B75-4174C5A1B57D}
	EndGlobalSection
EndGlobal
